Microsoft Visual Studio Solution File, Format Version 11.00
# Visual Studio 2008

Project("{2EAD43AA-36FA-DA38-0F1A-6F305DA8E0FF}") = "Syncopaste", "Assembly-CSharp-firstpass.csproj", "{62177817-5E7C-1BE8-D3E9-C8EFDE8233A2}"
EndProject
Project("{2EAD43AA-36FA-DA38-0F1A-6F305DA8E0FF}") = "Syncopaste", "Assembly-CSharp.csproj", "{5E021F69-A17C-E7CA-B1D8-3A0F29FCAF09}"
EndProject
Project("{2EAD43AA-36FA-DA38-0F1A-6F305DA8E0FF}") = "Syncopaste", "Assembly-CSharp-Editor.csproj", "{9013B16D-EE50-94FB-DFC3-B4B24F3B9BBD}"
EndProject
Global
	GlobalSection(SolutionConfigurationPlatforms) = preSolution
		Debug|Any CPU = Debug|Any CPU
		Release|Any CPU = Release|Any CPU
	EndGlobalSection
	GlobalSection(ProjectConfigurationPlatforms) = postSolution
		{62177817-5E7C-1BE8-D3E9-C8EFDE8233A2}.Debug|Any CPU.ActiveCfg = Debug|Any CPU
		{62177817-5E7C-1BE8-D3E9-C8EFDE8233A2}.Debug|Any CPU.Build.0 = Debug|Any CPU
		{62177817-5E7C-1BE8-D3E9-C8EFDE8233A2}.Release|Any CPU.ActiveCfg = Release|Any CPU
		{62177817-5E7C-1BE8-D3E9-C8EFDE8233A2}.Release|Any CPU.Build.0 = Release|Any CPU
		{5E021F69-A17C-E7CA-B1D8-3A0F29FCAF09}.Debug|Any CPU.ActiveCfg = Debug|Any CPU
		{5E021F69-A17C-E7CA-B1D8-3A0F29FCAF09}.Debug|Any CPU.Build.0 = Debug|Any CPU
		{5E021F69-A17C-E7CA-B1D8-3A0F29FCAF09}.Release|Any CPU.ActiveCfg = Release|Any CPU
		{5E021F69-A17C-E7CA-B1D8-3A0F29FCAF09}.Release|Any CPU.Build.0 = Release|Any CPU
		{9013B16D-EE50-94FB-DFC3-B4B24F3B9BBD}.Debug|Any CPU.ActiveCfg = Debug|Any CPU
		{9013B16D-EE50-94FB-DFC3-B4B24F3B9BBD}.Debug|Any CPU.Build.0 = Debug|Any CPU
		{9013B16D-EE50-94FB-DFC3-B4B24F3B9BBD}.Release|Any CPU.ActiveCfg = Release|Any CPU
		{9013B16D-EE50-94FB-DFC3-B4B24F3B9BBD}.Release|Any CPU.Build.0 = Release|Any CPU
	EndGlobalSection
	GlobalSection(SolutionProperties) = preSolution
		HideSolutionNode = FALSE
	EndGlobalSection
																																																																																																																																																																								GlobalSection(MonoDevelopProperties) = preSolution
		StartupItem = Assembly-CSharp.csproj
		Policies = $0
		$0.TextStylePolicy = $1
		$1.inheritsSet = null
		$1.scope = text/x-csharp
		$0.CSharpFormattingPolicy = $2
		$2.inheritsSet = Mono
		$2.inheritsScope = text/x-csharp
		$2.scope = text/x-csharp
		$0.TextStylePolicy = $3
		$3.FileWidth = 120
		$3.TabWidth = 4
		$3.IndentWidth = 4
		$3.EolMarker = Unix
		$3.inheritsSet = Mono
		$3.inheritsScope = text/plain
		$3.scope = text/plain
	EndGlobalSection

EndGlobal
